// !$*UTF8*$!
{
	archiveVersion = 1;
	classes = {
	};
	objectVersion = 50;
	objects = {

/* Begin PBXBuildFile section */
		672D05BC2476866B00D90021 /* AppDelegate.swift in Sources */ = {isa = PBXBuildFile; fileRef = 672D05BB2476866B00D90021 /* AppDelegate.swift */; };
		672D05BE2476866B00D90021 /* SceneDelegate.swift in Sources */ = {isa = PBXBuildFile; fileRef = 672D05BD2476866B00D90021 /* SceneDelegate.swift */; };
		672D05C02476866B00D90021 /* ViewController.swift in Sources */ = {isa = PBXBuildFile; fileRef = 672D05BF2476866B00D90021 /* ViewController.swift */; };
		672D05C32476866B00D90021 /* Main.storyboard in Resources */ = {isa = PBXBuildFile; fileRef = 672D05C12476866B00D90021 /* Main.storyboard */; };
		672D05C62476866B00D90021 /* SmartClickAITest.xcdatamodeld in Sources */ = {isa = PBXBuildFile; fileRef = 672D05C42476866B00D90021 /* SmartClickAITest.xcdatamodeld */; };
		672D05C82476866C00D90021 /* Assets.xcassets in Resources */ = {isa = PBXBuildFile; fileRef = 672D05C72476866C00D90021 /* Assets.xcassets */; };
		672D05CB2476866C00D90021 /* LaunchScreen.storyboard in Resources */ = {isa = PBXBuildFile; fileRef = 672D05C92476866C00D90021 /* LaunchScreen.storyboard */; };
/* End PBXBuildFile section */

/* Begin PBXFileReference section */
		672D05B82476866B00D90021 /* SmartClickAITest.app */ = {isa = PBXFileReference; explicitFileType = wrapper.application; includeInIndex = 0; path = SmartClickAITest.app; sourceTree = BUILT_PRODUCTS_DIR; };
		672D05BB2476866B00D90021 /* AppDelegate.swift */ = {isa = PBXFileReference; lastKnownFileType = sourcecode.swift; path = AppDelegate.swift; sourceTree = "<group>"; };
		672D05BD2476866B00D90021 /* SceneDelegate.swift */ = {isa = PBXFileReference; lastKnownFileType = sourcecode.swift; path = SceneDelegate.swift; sourceTree = "<group>"; };
		672D05BF2476866B00D90021 /* ViewController.swift */ = {isa = PBXFileReference; lastKnownFileType = sourcecode.swift; path = ViewController.swift; sourceTree = "<group>"; };
		672D05C22476866B00D90021 /* Base */ = {isa = PBXFileReference; lastKnownFileType = file.storyboard; name = Base; path = Base.lproj/Main.storyboard; sourceTree = "<group>"; };
		672D05C52476866B00D90021 /* SmartClickAITest.xcdatamodel */ = {isa = PBXFileReference; lastKnownFileType = wrapper.xcdatamodel; path = SmartClickAITest.xcdatamodel; sourceTree = "<group>"; };
		672D05C72476866C00D90021 /* Assets.xcassets */ = {isa = PBXFileReference; lastKnownFileType = folder.assetcatalog; path = Assets.xcassets; sourceTree = "<group>"; };
		672D05CA2476866C00D90021 /* Base */ = {isa = PBXFileReference; lastKnownFileType = file.storyboard; name = Base; path = Base.lproj/LaunchScreen.storyboard; sourceTree = "<group>"; };
		672D05CC2476866C00D90021 /* Info.plist */ = {isa = PBXFileReference; lastKnownFileType = text.plist.xml; path = Info.plist; sourceTree = "<group>"; };
/* End PBXFileReference section */

/* Begin PBXFrameworksBuildPhase section */
		672D05B52476866B00D90021 /* Frameworks */ = {
			isa = PBXFrameworksBuildPhase;
			buildActionMask = 2147483647;
			files = (
			);
			runOnlyForDeploymentPostprocessing = 0;
		};
/* End PBXFrameworksBuildPhase section */

/* Begin PBXGroup section */
		672D05AF2476866B00D90021 = {
			isa = PBXGroup;
			children = (
				672D05BA2476866B00D90021 /* SmartClickAITest */,
				672D05B92476866B00D90021 /* Products */,
			);
			sourceTree = "<group>";
		};
		672D05B92476866B00D90021 /* Products */ = {
			isa = PBXGroup;
			children = (
				672D05B82476866B00D90021 /* SmartClickAITest.app */,
			);
			name = Products;
			sourceTree = "<group>";
		};
		672D05BA2476866B00D90021 /* SmartClickAITest */ = {
			isa = PBXGroup;
			children = (
				672D05BB2476866B00D90021 /* AppDelegate.swift */,
				672D05BD2476866B00D90021 /* SceneDelegate.swift */,
				672D05BF2476866B00D90021 /* ViewController.swift */,
				672D05C12476866B00D90021 /* Main.storyboard */,
				672D05C72476866C00D90021 /* Assets.xcassets */,
				672D05C92476866C00D90021 /* LaunchScreen.storyboard */,
				672D05CC2476866C00D90021 /* Info.plist */,
				672D05C42476866B00D90021 /* SmartClickAITest.xcdatamodeld */,
			);
			path = SmartClickAITest;
			sourceTree = "<group>";
		};
/* End PBXGroup section */

/* Begin PBXNativeTarget section */
		672D05B72476866B00D90021 /* SmartClickAITest */ = {
			isa = PBXNativeTarget;
			buildConfigurationList = 672D05CF2476866C00D90021 /* Build configuration list for PBXNativeTarget "SmartClickAITest" */;
			buildPhases = (
				672D05B42476866B00D90021 /* Sources */,
				672D05B52476866B00D90021 /* Frameworks */,
				672D05B62476866B00D90021 /* Resources */,
			);
			buildRules = (
			);
			dependencies = (
			);
			name = SmartClickAITest;
			productName = SmartClickAITest;
			productReference = 672D05B82476866B00D90021 /* SmartClickAITest.app */;
			productType = "com.apple.product-type.application";
		};
/* End PBXNativeTarget section */

/* Begin PBXProject section */
		672D05B02476866B00D90021 /* Project object */ = {
			isa = PBXProject;
			attributes = {
				LastSwiftUpdateCheck = 1150;
				LastUpgradeCheck = 1150;
				ORGANIZATIONNAME = "Sos Avetyan";
				TargetAttributes = {
					672D05B72476866B00D90021 = {
						CreatedOnToolsVersion = 11.5;
					};
				};
			};
			buildConfigurationList = 672D05B32476866B00D90021 /* Build configuration list for PBXProject "SmartClickAITest" */;
			compatibilityVersion = "Xcode 9.3";
			developmentRegion = en;
			hasScannedForEncodings = 0;
			knownRegions = (
				en,
				Base,
			);
			mainGroup = 672D05AF2476866B00D90021;
			productRefGroup = 672D05B92476866B00D90021 /* Products */;
			projectDirPath = "";
			projectRoot = "";
			targets = (
				672D05B72476866B00D90021 /* SmartClickAITest */,
			);
		};
/* End PBXProject section */

/* Begin PBXResourcesBuildPhase section */
		672D05B62476866B00D90021 /* Resources */ = {
			isa = PBXResourcesBuildPhase;
			buildActionMask = 2147483647;
			files = (
				672D05CB2476866C00D90021 /* LaunchScreen.storyboard in Resources */,
				672D05C82476866C00D90021 /* Assets.xcassets in Resources */,
				672D05C32476866B00D90021 /* Main.storyboard in Resources */,
			);
			runOnlyForDeploymentPostprocessing = 0;
		};
/* End PBXResourcesBuildPhase section */

/* Begin PBXSourcesBuildPhase section */
		672D05B42476866B00D90021 /* Sources */ = {
			isa = PBXSourcesBuildPhase;
			buildActionMask = 2147483647;
			files = (
				672D05C62476866B00D90021 /* SmartClickAITest.xcdatamodeld in Sources */,
				672D05C02476866B00D90021 /* ViewController.swift in Sources */,
				672D05BC2476866B00D90021 /* AppDelegate.swift in Sources */,
				672D05BE2476866B00D90021 /* SceneDelegate.swift in Sources */,
			);
			runOnlyForDeploymentPostprocessing = 0;
		};
/* End PBXSourcesBuildPhase section */

/* Begin PBXVariantGroup section */
		672D05C12476866B00D90021 /* Main.storyboard */ = {
			isa = PBXVariantGroup;
			children = (
				672D05C22476866B00D90021 /* Base */,
			);
			name = Main.storyboard;
			sourceTree = "<group>";
		};
		672D05C92476866C00D90021 /* LaunchScreen.storyboard */ = {
			isa = PBXVariantGroup;
			children = (
				672D05CA2476866C00D90021 /* Base */,
			);
			name = LaunchScreen.storyboard;
			sourceTree = "<group>";
		};
/* End PBXVariantGroup section */

/* Begin XCBuildConfiguration section */
		672D05CD2476866C00D90021 /* Debug */ = {
			isa = XCBuildConfiguration;
			buildSettings = {
				ALWAYS_SEARCH_USER_PATHS = NO;
				CLANG_ANALYZER_NONNULL = YES;
				CLANG_ANALYZER_NUMBER_OBJECT_CONVERSION = YES_AGGRESSIVE;
				CLANG_CXX_LANGUAGE_STANDARD = "gnu++14";
				CLANG_CXX_LIBRARY = "libc++";
				CLANG_ENABLE_MODULES = YES;
				CLANG_ENABLE_OBJC_ARC = YES;
				CLANG_ENABLE_OBJC_WEAK = YES;
				CLANG_WARN_BLOCK_CAPTURE_AUTORELEASING = YES;
				CLANG_WARN_BOOL_CONVERSION = YES;
				CLANG_WARN_COMMA = YES;
				CLANG_WARN_CONSTANT_CONVERSION = YES;
				CLANG_WARN_DEPRECATED_OBJC_IMPLEMENTATIONS = YES;
				CLANG_WARN_DIRECT_OBJC_ISA_USAGE = YES_ERROR;
				CLANG_WARN_DOCUMENTATION_COMMENTS = YES;
				CLANG_WARN_EMPTY_BODY = YES;
				CLANG_WARN_ENUM_CONVERSION = YES;
				CLANG_WARN_INFINITE_RECURSION = YES;
				CLANG_WARN_INT_CONVERSION = YES;
				CLANG_WARN_NON_LITERAL_NULL_CONVERSION = YES;
				CLANG_WARN_OBJC_IMPLICIT_RETAIN_SELF = YES;
				CLANG_WARN_OBJC_LITERAL_CONVERSION = YES;
				CLANG_WARN_OBJC_ROOT_CLASS = YES_ERROR;
				CLANG_WARN_RANGE_LOOP_ANALYSIS = YES;
				CLANG_WARN_STRICT_PROTOTYPES = YES;
				CLANG_WARN_SUSPICIOUS_MOVE = YES;
				CLANG_WARN_UNGUARDED_AVAILABILITY = YES_AGGRESSIVE;
				CLANG_WARN_UNREACHABLE_CODE = YES;
				CLANG_WARN__DUPLICATE_METHOD_MATCH = YES;
				COPY_PHASE_STRIP = NO;
				DEBUG_INFORMATION_FORMAT = dwarf;
				ENABLE_STRICT_OBJC_MSGSEND = YES;
				ENABLE_TESTABILITY = YES;
				GCC_C_LANGUAGE_STANDARD = gnu11;
				GCC_DYNAMIC_NO_PIC = NO;
				GCC_NO_COMMON_BLOCKS = YES;
				GCC_OPTIMIZATION_LEVEL = 0;
				GCC_PREPROCESSOR_DEFINITIONS = (
					"DEBUG=1",
					"$(inherited)",
				);
				GCC_WARN_64_TO_32_BIT_CONVERSION = YES;
				GCC_WARN_ABOUT_RETURN_TYPE = YES_ERROR;
				GCC_WARN_UNDECLARED_SELECTOR = YES;
				GCC_WARN_UNINITIALIZED_AUTOS = YES_AGGRESSIVE;
				GCC_WARN_UNUSED_FUNCTION = YES;
				GCC_WARN_UNUSED_VARIABLE = YES;
				IPHONEOS_DEPLOYMENT_TARGET = 13.5;
				MTL_ENABLE_DEBUG_INFO = INCLUDE_SOURCE;
				MTL_FAST_MATH = YES;
				ONLY_ACTIVE_ARCH = YES;
				SDKROOT = iphoneos;
				SWIFT_ACTIVE_COMPILATION_CONDITIONS = DEBUG;
				SWIFT_OPTIMIZATION_LEVEL = "-Onone";
			};
			name = Debug;
		};
		672D05CE2476866C00D90021 /* Release */ = {
			isa = XCBuildConfiguration;
			buildSettings = {
				ALWAYS_SEARCH_USER_PATHS = NO;
				CLANG_ANALYZER_NONNULL = YES;
				CLANG_ANALYZER_NUMBER_OBJECT_CONVERSION = YES_AGGRESSIVE;
				CLANG_CXX_LANGUAGE_STANDARD = "gnu++14";
				CLANG_CXX_LIBRARY = "libc++";
				CLANG_ENABLE_MODULES = YES;
				CLANG_ENABLE_OBJC_ARC = YES;
				CLANG_ENABLE_OBJC_WEAK = YES;
				CLANG_WARN_BLOCK_CAPTURE_AUTORELEASING = YES;
				CLANG_WARN_BOOL_CONVERSION = YES;
				CLANG_WARN_COMMA = YES;
				CLANG_WARN_CONSTANT_CONVERSION = YES;
				CLANG_WARN_DEPRECATED_OBJC_IMPLEMENTATIONS = YES;
				CLANG_WARN_DIRECT_OBJC_ISA_USAGE = YES_ERROR;
				CLANG_WARN_DOCUMENTATION_COMMENTS = YES;
				CLANG_WARN_EMPTY_BODY = YES;
				CLANG_WARN_ENUM_CONVERSION = YES;
				CLANG_WARN_INFINITE_RECURSION = YES;
				CLANG_WARN_INT_CONVERSION = YES;
				CLANG_WARN_NON_LITERAL_NULL_CONVERSION = YES;
				CLANG_WARN_OBJC_IMPLICIT_RETAIN_SELF = YES;
				CLANG_WARN_OBJC_LITERAL_CONVERSION = YES;
				CLANG_WARN_OBJC_ROOT_CLASS = YES_ERROR;
				CLANG_WARN_RANGE_LOOP_ANALYSIS = YES;
				CLANG_WARN_STRICT_PROTOTYPES = YES;
				CLANG_WARN_SUSPICIOUS_MOVE = YES;
				CLANG_WARN_UNGUARDED_AVAILABILITY = YES_AGGRESSIVE;
				CLANG_WARN_UNREACHABLE_CODE = YES;
				CLANG_WARN__DUPLICATE_METHOD_MATCH = YES;
				COPY_PHASE_STRIP = NO;
				DEBUG_INFORMATION_FORMAT = "dwarf-with-dsym";
				ENABLE_NS_ASSERTIONS = NO;
				ENABLE_STRICT_OBJC_MSGSEND = YES;
				GCC_C_LANGUAGE_STANDARD = gnu11;
				GCC_NO_COMMON_BLOCKS = YES;
				GCC_WARN_64_TO_32_BIT_CONVERSION = YES;
				GCC_WARN_ABOUT_RETURN_TYPE = YES_ERROR;
				GCC_WARN_UNDECLARED_SELECTOR = YES;
				GCC_WARN_UNINITIALIZED_AUTOS = YES_AGGRESSIVE;
				GCC_WARN_UNUSED_FUNCTION = YES;
				GCC_WARN_UNUSED_VARIABLE = YES;
				IPHONEOS_DEPLOYMENT_TARGET = 13.5;
				MTL_ENABLE_DEBUG_INFO = NO;
				MTL_FAST_MATH = YES;
				SDKROOT = iphoneos;
				SWIFT_COMPILATION_MODE = wholemodule;
				SWIFT_OPTIMIZATION_LEVEL = "-O";
				VALIDATE_PRODUCT = YES;
			};
			name = Release;
		};
		672D05D02476866C00D90021 /* Debug */ = {
			isa = XCBuildConfiguration;
			buildSettings = {
				ASSETCATALOG_COMPILER_APPICON_NAME = AppIcon;
				CODE_SIGN_STYLE = Automatic;
				INFOPLIST_FILE = SmartClickAITest/Info.plist;
				LD_RUNPATH_SEARCH_PATHS = (
					"$(inherited)",
					"@executable_path/Frameworks",
				);
				PRODUCT_BUNDLE_IDENTIFIER = com.SmartClickAITest;
				PRODUCT_NAME = "$(TARGET_NAME)";
				SWIFT_VERSION = 5.0;
				TARGETED_DEVICE_FAMILY = "1,2";
			};
			name = Debug;
		};
		672D05D12476866C00D90021 /* Release */ = {
			isa = XCBuildConfiguration;
			buildSettings = {
				ASSETCATALOG_COMPILER_APPICON_NAME = AppIcon;
				CODE_SIGN_STYLE = Automatic;
				INFOPLIST_FILE = SmartClickAITest/Info.plist;
				LD_RUNPATH_SEARCH_PATHS = (
					"$(inherited)",
					"@executable_path/Frameworks",
				);
				PRODUCT_BUNDLE_IDENTIFIER = com.SmartClickAITest;
				PRODUCT_NAME = "$(TARGET_NAME)";
				SWIFT_VERSION = 5.0;
				TARGETED_DEVICE_FAMILY = "1,2";
			};
			name = Release;
		};
/* End XCBuildConfiguration section */

/* Begin XCConfigurationList section */
		672D05B32476866B00D90021 /* Build configuration list for PBXProject "SmartClickAITest" */ = {
			isa = XCConfigurationList;
			buildConfigurations = (
				672D05CD2476866C00D90021 /* Debug */,
				672D05CE2476866C00D90021 /* Release */,
			);
			defaultConfigurationIsVisible = 0;
			defaultConfigurationName = Release;
		};
		672D05CF2476866C00D90021 /* Build configuration list for PBXNativeTarget "SmartClickAITest" */ = {
			isa = XCConfigurationList;
			buildConfigurations = (
				672D05D02476866C00D90021 /* Debug */,
				672D05D12476866C00D90021 /* Release */,
			);
			defaultConfigurationIsVisible = 0;
			defaultConfigurationName = Release;
		};
/* End XCConfigurationList section */

/* Begin XCVersionGroup section */
		672D05C42476866B00D90021 /* SmartClickAITest.xcdatamodeld */ = {
			isa = XCVersionGroup;
			children = (
				672D05C52476866B00D90021 /* SmartClickAITest.xcdatamodel */,
			);
			currentVersion = 672D05C52476866B00D90021 /* SmartClickAITest.xcdatamodel */;
			path = SmartClickAITest.xcdatamodeld;
			sourceTree = "<group>";
			versionGroupType = wrapper.xcdatamodel;
		};
/* End XCVersionGroup section */
	};
	rootObject = 672D05B02476866B00D90021 /* Project object */;
}
